
Microsoft Visual Studio Solution File, Format Version 12.00
# Visual Studio 15
VisualStudioVersion = 15.0.28307.168
MinimumVisualStudioVersion = 10.0.40219.1
Project("{FAE04EC0-301F-11D3-BF4B-00C04F79EFBC}") = "SFIntegration", "SFIntegration\SFIntegration.csproj", "{BC59BBF5-4E21-43A0-A5BD-76A8A9A0A573}"
EndProject
Global
	GlobalSection(SolutionConfigurationPlatforms) = preSolution
		Debug|Any CPU = Debug|Any CPU
		Release|Any CPU = Release|Any CPU
	EndGlobalSection
	GlobalSection(ProjectConfigurationPlatforms) = postSolution
		{BC59BBF5-4E21-43A0-A5BD-76A8A9A0A573}.Debug|Any CPU.ActiveCfg = Debug|Any CPU
		{BC59BBF5-4E21-43A0-A5BD-76A8A9A0A573}.Debug|Any CPU.Build.0 = Debug|Any CPU
		{BC59BBF5-4E21-43A0-A5BD-76A8A9A0A573}.Release|Any CPU.ActiveCfg = Release|Any CPU
		{BC59BBF5-4E21-43A0-A5BD-76A8A9A0A573}.Release|Any CPU.Build.0 = Release|Any CPU
	EndGlobalSection
	GlobalSection(SolutionProperties) = preSolution
		HideSolutionNode = FALSE
	EndGlobalSection
	GlobalSection(ExtensibilityGlobals) = postSolution
		SolutionGuid = {10EDAE9E-59D6-4EFF-B590-236C551655D8}
	EndGlobalSection
EndGlobal
